
Microsoft Visual Studio Solution File, Format Version 12.00
# Visual Studio Version 17
VisualStudioVersion = 17.8.34330.188
MinimumVisualStudioVersion = 10.0.40219.1
Project("{FAE04EC0-301F-11D3-BF4B-00C04F79EFBC}") = "Task--7", "Task--7\Task--7.csproj", "{E9DA14F1-9430-49E7-B4C6-810813F3FDF0}"
EndProject
Global
	GlobalSection(SolutionConfigurationPlatforms) = preSolution
		Debug|Any CPU = Debug|Any CPU
		Release|Any CPU = Release|Any CPU
	EndGlobalSection
	GlobalSection(ProjectConfigurationPlatforms) = postSolution
		{E9DA14F1-9430-49E7-B4C6-810813F3FDF0}.Debug|Any CPU.ActiveCfg = Debug|Any CPU
		{E9DA14F1-9430-49E7-B4C6-810813F3FDF0}.Debug|Any CPU.Build.0 = Debug|Any CPU
		{E9DA14F1-9430-49E7-B4C6-810813F3FDF0}.Release|Any CPU.ActiveCfg = Release|Any CPU
		{E9DA14F1-9430-49E7-B4C6-810813F3FDF0}.Release|Any CPU.Build.0 = Release|Any CPU
	EndGlobalSection
	GlobalSection(SolutionProperties) = preSolution
		HideSolutionNode = FALSE
	EndGlobalSection
	GlobalSection(ExtensibilityGlobals) = postSolution
		SolutionGuid = {1AC154DF-4255-4B01-BB46-BF015FB7B934}
	EndGlobalSection
EndGlobal
